// !$*UTF8*$!
{
	archiveVersion = 1;
	classes = {
	};
	objectVersion = 52;
	objects = {

/* Begin PBXBuildFile section */
		5812695B2412152A002A7C20 /* AppDelegate.swift in Sources */ = {isa = PBXBuildFile; fileRef = 5812695A2412152A002A7C20 /* AppDelegate.swift */; };
		5812695D2412152A002A7C20 /* SceneDelegate.swift in Sources */ = {isa = PBXBuildFile; fileRef = 5812695C2412152A002A7C20 /* SceneDelegate.swift */; };
		5812695F2412152A002A7C20 /* ViewController.swift in Sources */ = {isa = PBXBuildFile; fileRef = 5812695E2412152A002A7C20 /* ViewController.swift */; };
		581269622412152A002A7C20 /* Main.storyboard in Resources */ = {isa = PBXBuildFile; fileRef = 581269602412152A002A7C20 /* Main.storyboard */; };
		5812696424121534002A7C20 /* Assets.xcassets in Resources */ = {isa = PBXBuildFile; fileRef = 5812696324121534002A7C20 /* Assets.xcassets */; };
		5812696724121534002A7C20 /* LaunchScreen.storyboard in Resources */ = {isa = PBXBuildFile; fileRef = 5812696524121534002A7C20 /* LaunchScreen.storyboard */; };
		5812697724128D98002A7C20 /* DataViewController.swift in Sources */ = {isa = PBXBuildFile; fileRef = 5812697624128D98002A7C20 /* DataViewController.swift */; };
		5840F3062418BE0100BE4985 /* roundViewScroll.swift in Sources */ = {isa = PBXBuildFile; fileRef = 5840F3052418BE0100BE4985 /* roundViewScroll.swift */; };
		5840F3082418E04900BE4985 /* tableViewController.swift in Sources */ = {isa = PBXBuildFile; fileRef = 5840F3072418E04900BE4985 /* tableViewController.swift */; };
		5840F30C2418F33E00BE4985 /* customTableViewCell.swift in Sources */ = {isa = PBXBuildFile; fileRef = 5840F30B2418F33D00BE4985 /* customTableViewCell.swift */; };
		B4AC73B6A258E158F4C4D010 /* libPods-Begin.a in Frameworks */ = {isa = PBXBuildFile; fileRef = 597418C9AEEAA0170D61F277 /* libPods-Begin.a */; };
		F61800C224346DD700FA5942 /* coreLocationViewController.swift in Sources */ = {isa = PBXBuildFile; fileRef = F61800C124346DD700FA5942 /* coreLocationViewController.swift */; };
		F61800C42435AF7400FA5942 /* gestureRecognizerViewController.swift in Sources */ = {isa = PBXBuildFile; fileRef = F61800C32435AF7400FA5942 /* gestureRecognizerViewController.swift */; };
		F61800C62435CEFF00FA5942 /* pinchGestureViewController.swift in Sources */ = {isa = PBXBuildFile; fileRef = F61800C52435CEFF00FA5942 /* pinchGestureViewController.swift */; };
		F61800C82435F1CA00FA5942 /* rotationViewController.swift in Sources */ = {isa = PBXBuildFile; fileRef = F61800C72435F1CA00FA5942 /* rotationViewController.swift */; };
		F61800CA2436075A00FA5942 /* swipeGestureViewController.swift in Sources */ = {isa = PBXBuildFile; fileRef = F61800C92436075A00FA5942 /* swipeGestureViewController.swift */; };
		F61800CC243617A600FA5942 /* panViewController.swift in Sources */ = {isa = PBXBuildFile; fileRef = F61800CB243617A600FA5942 /* panViewController.swift */; };
		F61800CE24361C7B00FA5942 /* panGestureViewController.swift in Sources */ = {isa = PBXBuildFile; fileRef = F61800CD24361C7B00FA5942 /* panGestureViewController.swift */; };
		F62286D7246FD93E0003870E /* LoginModel.swift in Sources */ = {isa = PBXBuildFile; fileRef = F62286D6246FD93E0003870E /* LoginModel.swift */; };
		F62286D9246FDD0E0003870E /* LoginAPIHelpler.swift in Sources */ = {isa = PBXBuildFile; fileRef = F62286D8246FDD0D0003870E /* LoginAPIHelpler.swift */; };
		F62D4457248783CC005BB416 /* OTPVC.swift in Sources */ = {isa = PBXBuildFile; fileRef = F62D4456248783CC005BB416 /* OTPVC.swift */; };
		F63206162438587C000B86B6 /* textViewController.swift in Sources */ = {isa = PBXBuildFile; fileRef = F63206152438587C000B86B6 /* textViewController.swift */; };
		F6474919247952E900024FF3 /* Spinner.swift in Sources */ = {isa = PBXBuildFile; fileRef = F6474918247952E900024FF3 /* Spinner.swift */; };
		F649CE59243200E600A2AB5F /* CS193PViewController.swift in Sources */ = {isa = PBXBuildFile; fileRef = F649CE58243200E600A2AB5F /* CS193PViewController.swift */; };
		F649CE5B243224C600A2AB5F /* userDefaultsViewController.swift in Sources */ = {isa = PBXBuildFile; fileRef = F649CE5A243224C600A2AB5F /* userDefaultsViewController.swift */; };
		F650FDAD24572C7B00A20125 /* shopCollectionView.swift in Sources */ = {isa = PBXBuildFile; fileRef = F650FDAC24572C7B00A20125 /* shopCollectionView.swift */; };
		F657EC9D2425F13B00A3FF30 /* dataModel.xcdatamodeld in Sources */ = {isa = PBXBuildFile; fileRef = F657EC9B2425F13B00A3FF30 /* dataModel.xcdatamodeld */; };
		F657EC9F2425FF2D00A3FF30 /* coreDataViewController.swift in Sources */ = {isa = PBXBuildFile; fileRef = F657EC9E2425FF2D00A3FF30 /* coreDataViewController.swift */; };
		F6682B282441D28D00F94C0A /* swiftyJSONExViewController.swift in Sources */ = {isa = PBXBuildFile; fileRef = F6682B272441D28D00F94C0A /* swiftyJSONExViewController.swift */; };
		F668D3EC2472667400630487 /* BarberShopAPIHelper.swift in Sources */ = {isa = PBXBuildFile; fileRef = F668D3EB2472667400630487 /* BarberShopAPIHelper.swift */; };
		F668D55F244451A900259A2A /* ContactViewController.swift in Sources */ = {isa = PBXBuildFile; fileRef = F668D55E244451A900259A2A /* ContactViewController.swift */; };
		F668D5612444521E00259A2A /* addContactViewController.swift in Sources */ = {isa = PBXBuildFile; fileRef = F668D5602444521E00259A2A /* addContactViewController.swift */; };
		F668D56C2445A58C00259A2A /* showContactsCell.swift in Sources */ = {isa = PBXBuildFile; fileRef = F668D56B2445A58C00259A2A /* showContactsCell.swift */; };
		F668D56E2445A5E700259A2A /* Contact.swift in Sources */ = {isa = PBXBuildFile; fileRef = F668D56D2445A5E700259A2A /* Contact.swift */; };
		F6692DC5245087E100BD6008 /* popUpViewViewController.swift in Sources */ = {isa = PBXBuildFile; fileRef = F6692DC4245087E100BD6008 /* popUpViewViewController.swift */; };
		F669615F244B187200049133 /* barberShopExtension.swift in Sources */ = {isa = PBXBuildFile; fileRef = F669615E244B187200049133 /* barberShopExtension.swift */; };
		F6696161244B1C2B00049133 /* barberShopColors.swift in Sources */ = {isa = PBXBuildFile; fileRef = F6696160244B1C2B00049133 /* barberShopColors.swift */; };
		F6696163244B36A600049133 /* barberShopLoginVC.swift in Sources */ = {isa = PBXBuildFile; fileRef = F6696162244B36A600049133 /* barberShopLoginVC.swift */; };
		F6696F962451AF24006D5F4D /* Tofino-Regular.ttf in Resources */ = {isa = PBXBuildFile; fileRef = F6696F952451AF23006D5F4D /* Tofino-Regular.ttf */; };
		F6696F982451B018006D5F4D /* Tofino-Bold.ttf in Resources */ = {isa = PBXBuildFile; fileRef = F6696F972451B018006D5F4D /* Tofino-Bold.ttf */; };
		F6696F9A2452FFA3006D5F4D /* barberShopHomeVC.swift in Sources */ = {isa = PBXBuildFile; fileRef = F6696F992452FFA2006D5F4D /* barberShopHomeVC.swift */; };
		F6696F9C245419D6006D5F4D /* barberShopNearByVC.swift in Sources */ = {isa = PBXBuildFile; fileRef = F6696F9B245419D6006D5F4D /* barberShopNearByVC.swift */; };
		F6704968243D9E5000851B2D /* alamofireViewController.swift in Sources */ = {isa = PBXBuildFile; fileRef = F6704967243D9E5000851B2D /* alamofireViewController.swift */; };
		F683207824363A7000B15B01 /* edgePanViewController.swift in Sources */ = {isa = PBXBuildFile; fileRef = F683207724363A7000B15B01 /* edgePanViewController.swift */; };
		F683207E2437088F00B15B01 /* toolsViewController.swift in Sources */ = {isa = PBXBuildFile; fileRef = F683207D2437088F00B15B01 /* toolsViewController.swift */; };
		F6832080243727FF00B15B01 /* barsViewController.swift in Sources */ = {isa = PBXBuildFile; fileRef = F683207F243727FF00B15B01 /* barsViewController.swift */; };
		F68A222A2469210B00F0CD9B /* mapCardCollectionView.swift in Sources */ = {isa = PBXBuildFile; fileRef = F68A22292469210B00F0CD9B /* mapCardCollectionView.swift */; };
		F68E8698241CF29E0029FA17 /* mvcCollectionViewCell.swift in Sources */ = {isa = PBXBuildFile; fileRef = F68E8697241CF29E0029FA17 /* mvcCollectionViewCell.swift */; };
		F68E869A241CF2EA0029FA17 /* mvcViewController.swift in Sources */ = {isa = PBXBuildFile; fileRef = F68E8699241CF2EA0029FA17 /* mvcViewController.swift */; };
		F68E869C241CF4230029FA17 /* mvcModel.swift in Sources */ = {isa = PBXBuildFile; fileRef = F68E869B241CF4230029FA17 /* mvcModel.swift */; };
		F68E869E241CF4D50029FA17 /* mvcData.swift in Sources */ = {isa = PBXBuildFile; fileRef = F68E869D241CF4D50029FA17 /* mvcData.swift */; };
		F68E86A0241F5F4A0029FA17 /* collectionViewController.swift in Sources */ = {isa = PBXBuildFile; fileRef = F68E869F241F5F4A0029FA17 /* collectionViewController.swift */; };
		F68E86A2241F62220029FA17 /* newCollectionViewCell.swift in Sources */ = {isa = PBXBuildFile; fileRef = F68E86A1241F62220029FA17 /* newCollectionViewCell.swift */; };
		F68F25DB243F01A600A05F2F /* FacebookShare in Frameworks */ = {isa = PBXBuildFile; productRef = F68F25DA243F01A600A05F2F /* FacebookShare */; };
		F68F25DD243F01A600A05F2F /* FacebookCore in Frameworks */ = {isa = PBXBuildFile; productRef = F68F25DC243F01A600A05F2F /* FacebookCore */; };
		F68F25DF243F01A600A05F2F /* FacebookLogin in Frameworks */ = {isa = PBXBuildFile; productRef = F68F25DE243F01A600A05F2F /* FacebookLogin */; };
		F68F25E1243F30B600A05F2F /* fgLogOutViewController.swift in Sources */ = {isa = PBXBuildFile; fileRef = F68F25E0243F30B600A05F2F /* fgLogOutViewController.swift */; };
		F68F25E32440856200A05F2F /* pickerViewController.swift in Sources */ = {isa = PBXBuildFile; fileRef = F68F25E22440856200A05F2F /* pickerViewController.swift */; };
		F6954EE3243C8ECD00900736 /* UITextFieldPadding.swift in Sources */ = {isa = PBXBuildFile; fileRef = F6954EE2243C8ECC00900736 /* UITextFieldPadding.swift */; };
		F6977699244D8BA400E30B6D /* barberShopSignUpVC.swift in Sources */ = {isa = PBXBuildFile; fileRef = F6977698244D8BA400E30B6D /* barberShopSignUpVC.swift */; };
		F69C43B0246E9D7C00A2B215 /* firstViewController.swift in Sources */ = {isa = PBXBuildFile; fileRef = F69C43AF246E9D7C00A2B215 /* firstViewController.swift */; };
		F69C43B2246E9D8A00A2B215 /* secondViewController.swift in Sources */ = {isa = PBXBuildFile; fileRef = F69C43B1246E9D8A00A2B215 /* secondViewController.swift */; };
		F69DF2D5246BD9FD0040A66F /* baraberShopInboxVc.swift in Sources */ = {isa = PBXBuildFile; fileRef = F69DF2D4246BD9FD0040A66F /* baraberShopInboxVc.swift */; };
		F69DF2D9246C063B0040A66F /* LocationSearchTable.swift in Sources */ = {isa = PBXBuildFile; fileRef = F69DF2D8246C06390040A66F /* LocationSearchTable.swift */; };
		F6A3B0EC243745A7008C03FB /* alamofireExampleViewController.swift in Sources */ = {isa = PBXBuildFile; fileRef = F6A3B0EB243745A7008C03FB /* alamofireExampleViewController.swift */; };
		F6AAFEA8246003410008E273 /* sortByTableView.swift in Sources */ = {isa = PBXBuildFile; fileRef = F6AAFEA7246003410008E273 /* sortByTableView.swift */; };
		F6AFDAF72480D58700415A2F /* firebaseViewController.swift in Sources */ = {isa = PBXBuildFile; fileRef = F6AFDAF62480D58700415A2F /* firebaseViewController.swift */; };
		F6AFDAF92480D6A500415A2F /* GoogleService-Info.plist in Resources */ = {isa = PBXBuildFile; fileRef = F6AFDAF82480D6A500415A2F /* GoogleService-Info.plist */; };
		F6B36F262420EDA400AEE85C /* toDoListViewController.swift in Sources */ = {isa = PBXBuildFile; fileRef = F6B36F252420EDA400AEE85C /* toDoListViewController.swift */; };
		F6C3F08224580867000887AE /* barberShopDataModel.swift in Sources */ = {isa = PBXBuildFile; fileRef = F6C3F08124580867000887AE /* barberShopDataModel.swift */; };
		F6C3F08424580E08000887AE /* barberShopData.swift in Sources */ = {isa = PBXBuildFile; fileRef = F6C3F08324580E08000887AE /* barberShopData.swift */; };
		F6C3F089245B0D6A000887AE /* barberShopFilterVC.swift in Sources */ = {isa = PBXBuildFile; fileRef = F6C3F088245B0D6A000887AE /* barberShopFilterVC.swift */; };
		F6D2790D244886FD0018566C /* ContactAPIHelper.swift in Sources */ = {isa = PBXBuildFile; fileRef = F6D2790C244886FD0018566C /* ContactAPIHelper.swift */; };
		F6D279112449B6960018566C /* tableViewDataSource.swift in Sources */ = {isa = PBXBuildFile; fileRef = F6D279102449B6960018566C /* tableViewDataSource.swift */; };
		F6D279132449C2110018566C /* contactExtension.swift in Sources */ = {isa = PBXBuildFile; fileRef = F6D279122449C2100018566C /* contactExtension.swift */; };
		F6D27918244AE98D0018566C /* barberAppViewController.swift in Sources */ = {isa = PBXBuildFile; fileRef = F6D27917244AE98D0018566C /* barberAppViewController.swift */; };
		F6D451322456E29800B7627B /* tableCell.swift in Sources */ = {isa = PBXBuildFile; fileRef = F6D451312456E29800B7627B /* tableCell.swift */; };
		F6D451342456E44E00B7627B /* collectionCell.swift in Sources */ = {isa = PBXBuildFile; fileRef = F6D451332456E44E00B7627B /* collectionCell.swift */; };
		F6D451382456EBBC00B7627B /* servicesTableView.swift in Sources */ = {isa = PBXBuildFile; fileRef = F6D451372456EBBC00B7627B /* servicesTableView.swift */; };
		F6D4513A2456EC1100B7627B /* categoryCollectionView.swift in Sources */ = {isa = PBXBuildFile; fileRef = F6D451392456EC1100B7627B /* categoryCollectionView.swift */; };
		F6DF81682462C3A200F2C973 /* RangeSlider.swift in Sources */ = {isa = PBXBuildFile; fileRef = F6DF81672462C3A200F2C973 /* RangeSlider.swift */; };
		F6DF816A2462C48100F2C973 /* RangeSliderThumbLayer.swift in Sources */ = {isa = PBXBuildFile; fileRef = F6DF81692462C48100F2C973 /* RangeSliderThumbLayer.swift */; };
		F6DF816C2462C4B300F2C973 /* RangeSliderTrackLayer.swift in Sources */ = {isa = PBXBuildFile; fileRef = F6DF816B2462C4B300F2C973 /* RangeSliderTrackLayer.swift */; };
		F6E1BE0E2477ACB600E04CAC /* barberShopTabBar.swift in Sources */ = {isa = PBXBuildFile; fileRef = F6E1BE0D2477ACB600E04CAC /* barberShopTabBar.swift */; };
		F6E3B17C2420FE770007CAC6 /* addTaskViewController.swift in Sources */ = {isa = PBXBuildFile; fileRef = F6E3B17B2420FE770007CAC6 /* addTaskViewController.swift */; };
		F6E3B17E24220DBA0007CAC6 /* viewTaskTableViewCell.swift in Sources */ = {isa = PBXBuildFile; fileRef = F6E3B17D24220DBA0007CAC6 /* viewTaskTableViewCell.swift */; };
		F6E3B184242247360007CAC6 /* TaskModel.swift in Sources */ = {isa = PBXBuildFile; fileRef = F6E3B183242247360007CAC6 /* TaskModel.swift */; };
		F6E3B1862423810D0007CAC6 /* doneTaskTableViewCell.swift in Sources */ = {isa = PBXBuildFile; fileRef = F6E3B1852423810D0007CAC6 /* doneTaskTableViewCell.swift */; };
		F6E3B18A2423851F0007CAC6 /* doneTaskTableViewController.swift in Sources */ = {isa = PBXBuildFile; fileRef = F6E3B1892423851F0007CAC6 /* doneTaskTableViewController.swift */; };
		F6F8EC2C2433491500FF3C23 /* gcdViewController.swift in Sources */ = {isa = PBXBuildFile; fileRef = F6F8EC2B2433491500FF3C23 /* gcdViewController.swift */; };
		F6F8EC2E2433813F00FF3C23 /* Podfile in Resources */ = {isa = PBXBuildFile; fileRef = F6F8EC2D2433813F00FF3C23 /* Podfile */; };
/* End PBXBuildFile section */

/* Begin PBXFileReference section */
		14431F331D0656C85C5B1DC1 /* Pods-Begin.debug.xcconfig */ = {isa = PBXFileReference; includeInIndex = 1; lastKnownFileType = text.xcconfig; name = "Pods-Begin.debug.xcconfig"; path = "Target Support Files/Pods-Begin/Pods-Begin.debug.xcconfig"; sourceTree = "<group>"; };
		581269572412152A002A7C20 /* Begin.app */ = {isa = PBXFileReference; explicitFileType = wrapper.application; includeInIndex = 0; path = Begin.app; sourceTree = BUILT_PRODUCTS_DIR; };
		5812695A2412152A002A7C20 /* AppDelegate.swift */ = {isa = PBXFileReference; lastKnownFileType = sourcecode.swift; path = AppDelegate.swift; sourceTree = "<group>"; };
		5812695C2412152A002A7C20 /* SceneDelegate.swift */ = {isa = PBXFileReference; lastKnownFileType = sourcecode.swift; path = SceneDelegate.swift; sourceTree = "<group>"; };
		5812695E2412152A002A7C20 /* ViewController.swift */ = {isa = PBXFileReference; lastKnownFileType = sourcecode.swift; path = ViewController.swift; sourceTree = "<group>"; };
		581269612412152A002A7C20 /* Base */ = {isa = PBXFileReference; lastKnownFileType = file.storyboard; name = Base; path = Base.lproj/Main.storyboard; sourceTree = "<group>"; };
		5812696324121534002A7C20 /* Assets.xcassets */ = {isa = PBXFileReference; lastKnownFileType = folder.assetcatalog; path = Assets.xcassets; sourceTree = "<group>"; };
		5812696624121534002A7C20 /* Base */ = {isa = PBXFileReference; lastKnownFileType = file.storyboard; name = Base; path = Base.lproj/LaunchScreen.storyboard; sourceTree = "<group>"; };
		5812696824121534002A7C20 /* Info.plist */ = {isa = PBXFileReference; lastKnownFileType = text.plist.xml; path = Info.plist; sourceTree = "<group>"; };
		5812697624128D98002A7C20 /* DataViewController.swift */ = {isa = PBXFileReference; lastKnownFileType = sourcecode.swift; path = DataViewController.swift; sourceTree = "<group>"; };
		5840F3052418BE0100BE4985 /* roundViewScroll.swift */ = {isa = PBXFileReference; lastKnownFileType = sourcecode.swift; path = roundViewScroll.swift; sourceTree = "<group>"; };
		5840F3072418E04900BE4985 /* tableViewController.swift */ = {isa = PBXFileReference; lastKnownFileType = sourcecode.swift; path = tableViewController.swift; sourceTree = "<group>"; };
		5840F30B2418F33D00BE4985 /* customTableViewCell.swift */ = {isa = PBXFileReference; lastKnownFileType = sourcecode.swift; path = customTableViewCell.swift; sourceTree = "<group>"; };
		597418C9AEEAA0170D61F277 /* libPods-Begin.a */ = {isa = PBXFileReference; explicitFileType = archive.ar; includeInIndex = 0; path = "libPods-Begin.a"; sourceTree = BUILT_PRODUCTS_DIR; };
		A0683ED21C56E6A2D67BE2B5 /* Pods-Begin.release.xcconfig */ = {isa = PBXFileReference; includeInIndex = 1; lastKnownFileType = text.xcconfig; name = "Pods-Begin.release.xcconfig"; path = "Target Support Files/Pods-Begin/Pods-Begin.release.xcconfig"; sourceTree = "<group>"; };
		F61800C124346DD700FA5942 /* coreLocationViewController.swift */ = {isa = PBXFileReference; lastKnownFileType = sourcecode.swift; path = coreLocationViewController.swift; sourceTree = "<group>"; };
		F61800C32435AF7400FA5942 /* gestureRecognizerViewController.swift */ = {isa = PBXFileReference; lastKnownFileType = sourcecode.swift; path = gestureRecognizerViewController.swift; sourceTree = "<group>"; };
		F61800C52435CEFF00FA5942 /* pinchGestureViewController.swift */ = {isa = PBXFileReference; lastKnownFileType = sourcecode.swift; path = pinchGestureViewController.swift; sourceTree = "<group>"; };
		F61800C72435F1CA00FA5942 /* rotationViewController.swift */ = {isa = PBXFileReference; lastKnownFileType = sourcecode.swift; path = rotationViewController.swift; sourceTree = "<group>"; };
		F61800C92436075A00FA5942 /* swipeGestureViewController.swift */ = {isa = PBXFileReference; lastKnownFileType = sourcecode.swift; path = swipeGestureViewController.swift; sourceTree = "<group>"; };
		F61800CB243617A600FA5942 /* panViewController.swift */ = {isa = PBXFileReference; lastKnownFileType = sourcecode.swift; path = panViewController.swift; sourceTree = "<group>"; };
		F61800CD24361C7B00FA5942 /* panGestureViewController.swift */ = {isa = PBXFileReference; lastKnownFileType = sourcecode.swift; path = panGestureViewController.swift; sourceTree = "<group>"; };
		F62286D6246FD93E0003870E /* LoginModel.swift */ = {isa = PBXFileReference; lastKnownFileType = sourcecode.swift; path = LoginModel.swift; sourceTree = "<group>"; };
		F62286D8246FDD0D0003870E /* LoginAPIHelpler.swift */ = {isa = PBXFileReference; lastKnownFileType = sourcecode.swift; path = LoginAPIHelpler.swift; sourceTree = "<group>"; };
		F62D4456248783CC005BB416 /* OTPVC.swift */ = {isa = PBXFileReference; lastKnownFileType = sourcecode.swift; path = OTPVC.swift; sourceTree = "<group>"; };
		F63206152438587C000B86B6 /* textViewController.swift */ = {isa = PBXFileReference; lastKnownFileType = sourcecode.swift; path = textViewController.swift; sourceTree = "<group>"; };
		F6474918247952E900024FF3 /* Spinner.swift */ = {isa = PBXFileReference; lastKnownFileType = sourcecode.swift; path = Spinner.swift; sourceTree = "<group>"; };
		F649CE58243200E600A2AB5F /* CS193PViewController.swift */ = {isa = PBXFileReference; lastKnownFileType = sourcecode.swift; path = CS193PViewController.swift; sourceTree = "<group>"; };
		F649CE5A243224C600A2AB5F /* userDefaultsViewController.swift */ = {isa = PBXFileReference; lastKnownFileType = sourcecode.swift; path = userDefaultsViewController.swift; sourceTree = "<group>"; };
		F650FDAC24572C7B00A20125 /* shopCollectionView.swift */ = {isa = PBXFileReference; lastKnownFileType = sourcecode.swift; path = shopCollectionView.swift; sourceTree = "<group>"; };
		F657EC9C2425F13B00A3FF30 /* dataModel.xcdatamodel */ = {isa = PBXFileReference; lastKnownFileType = wrapper.xcdatamodel; path = dataModel.xcdatamodel; sourceTree = "<group>"; };
		F657EC9E2425FF2D00A3FF30 /* coreDataViewController.swift */ = {isa = PBXFileReference; lastKnownFileType = sourcecode.swift; path = coreDataViewController.swift; sourceTree = "<group>"; };
		F6682B272441D28D00F94C0A /* swiftyJSONExViewController.swift */ = {isa = PBXFileReference; lastKnownFileType = sourcecode.swift; path = swiftyJSONExViewController.swift; sourceTree = "<group>"; };
		F668D3EB2472667400630487 /* BarberShopAPIHelper.swift */ = {isa = PBXFileReference; lastKnownFileType = sourcecode.swift; path = BarberShopAPIHelper.swift; sourceTree = "<group>"; };
		F668D55E244451A900259A2A /* ContactViewController.swift */ = {isa = PBXFileReference; lastKnownFileType = sourcecode.swift; path = ContactViewController.swift; sourceTree = "<group>"; };
		F668D5602444521E00259A2A /* addContactViewController.swift */ = {isa = PBXFileReference; lastKnownFileType = sourcecode.swift; path = addContactViewController.swift; sourceTree = "<group>"; };
		F668D56B2445A58C00259A2A /* showContactsCell.swift */ = {isa = PBXFileReference; lastKnownFileType = sourcecode.swift; path = showContactsCell.swift; sourceTree = "<group>"; };
		F668D56D2445A5E700259A2A /* Contact.swift */ = {isa = PBXFileReference; lastKnownFileType = sourcecode.swift; path = Contact.swift; sourceTree = "<group>"; };
		F6692DC4245087E100BD6008 /* popUpViewViewController.swift */ = {isa = PBXFileReference; lastKnownFileType = sourcecode.swift; path = popUpViewViewController.swift; sourceTree = "<group>"; };
		F669615E244B187200049133 /* barberShopExtension.swift */ = {isa = PBXFileReference; lastKnownFileType = sourcecode.swift; path = barberShopExtension.swift; sourceTree = "<group>"; };
		F6696160244B1C2B00049133 /* barberShopColors.swift */ = {isa = PBXFileReference; lastKnownFileType = sourcecode.swift; path = barberShopColors.swift; sourceTree = "<group>"; };
		F6696162244B36A600049133 /* barberShopLoginVC.swift */ = {isa = PBXFileReference; lastKnownFileType = sourcecode.swift; path = barberShopLoginVC.swift; sourceTree = "<group>"; };
		F6696F952451AF23006D5F4D /* Tofino-Regular.ttf */ = {isa = PBXFileReference; lastKnownFileType = file; path = "Tofino-Regular.ttf"; sourceTree = "<group>"; };
		F6696F972451B018006D5F4D /* Tofino-Bold.ttf */ = {isa = PBXFileReference; lastKnownFileType = file; path = "Tofino-Bold.ttf"; sourceTree = "<group>"; };
		F6696F992452FFA2006D5F4D /* barberShopHomeVC.swift */ = {isa = PBXFileReference; lastKnownFileType = sourcecode.swift; path = barberShopHomeVC.swift; sourceTree = "<group>"; };
		F6696F9B245419D6006D5F4D /* barberShopNearByVC.swift */ = {isa = PBXFileReference; lastKnownFileType = sourcecode.swift; path = barberShopNearByVC.swift; sourceTree = "<group>"; };
		F6704967243D9E5000851B2D /* alamofireViewController.swift */ = {isa = PBXFileReference; lastKnownFileType = sourcecode.swift; path = alamofireViewController.swift; sourceTree = "<group>"; };
		F683207724363A7000B15B01 /* edgePanViewController.swift */ = {isa = PBXFileReference; lastKnownFileType = sourcecode.swift; path = edgePanViewController.swift; sourceTree = "<group>"; };
		F683207D2437088F00B15B01 /* toolsViewController.swift */ = {isa = PBXFileReference; lastKnownFileType = sourcecode.swift; path = toolsViewController.swift; sourceTree = "<group>"; };
		F683207F243727FF00B15B01 /* barsViewController.swift */ = {isa = PBXFileReference; lastKnownFileType = sourcecode.swift; path = barsViewController.swift; sourceTree = "<group>"; };
		F68A22292469210B00F0CD9B /* mapCardCollectionView.swift */ = {isa = PBXFileReference; lastKnownFileType = sourcecode.swift; path = mapCardCollectionView.swift; sourceTree = "<group>"; };
		F68E8697241CF29E0029FA17 /* mvcCollectionViewCell.swift */ = {isa = PBXFileReference; lastKnownFileType = sourcecode.swift; path = mvcCollectionViewCell.swift; sourceTree = "<group>"; };
		F68E8699241CF2EA0029FA17 /* mvcViewController.swift */ = {isa = PBXFileReference; lastKnownFileType = sourcecode.swift; path = mvcViewController.swift; sourceTree = "<group>"; };
		F68E869B241CF4230029FA17 /* mvcModel.swift */ = {isa = PBXFileReference; lastKnownFileType = sourcecode.swift; path = mvcModel.swift; sourceTree = "<group>"; };
		F68E869D241CF4D50029FA17 /* mvcData.swift */ = {isa = PBXFileReference; lastKnownFileType = sourcecode.swift; path = mvcData.swift; sourceTree = "<group>"; };
		F68E869F241F5F4A0029FA17 /* collectionViewController.swift */ = {isa = PBXFileReference; lastKnownFileType = sourcecode.swift; path = collectionViewController.swift; sourceTree = "<group>"; };
		F68E86A1241F62220029FA17 /* newCollectionViewCell.swift */ = {isa = PBXFileReference; lastKnownFileType = sourcecode.swift; path = newCollectionViewCell.swift; sourceTree = "<group>"; };
		F68F25E0243F30B600A05F2F /* fgLogOutViewController.swift */ = {isa = PBXFileReference; lastKnownFileType = sourcecode.swift; path = fgLogOutViewController.swift; sourceTree = "<group>"; };
		F68F25E22440856200A05F2F /* pickerViewController.swift */ = {isa = PBXFileReference; lastKnownFileType = sourcecode.swift; path = pickerViewController.swift; sourceTree = "<group>"; };
		F6954EE2243C8ECC00900736 /* UITextFieldPadding.swift */ = {isa = PBXFileReference; lastKnownFileType = sourcecode.swift; path = UITextFieldPadding.swift; sourceTree = "<group>"; };
		F6977698244D8BA400E30B6D /* barberShopSignUpVC.swift */ = {isa = PBXFileReference; lastKnownFileType = sourcecode.swift; path = barberShopSignUpVC.swift; sourceTree = "<group>"; };
		F69C43AF246E9D7C00A2B215 /* firstViewController.swift */ = {isa = PBXFileReference; lastKnownFileType = sourcecode.swift; path = firstViewController.swift; sourceTree = "<group>"; };
		F69C43B1246E9D8A00A2B215 /* secondViewController.swift */ = {isa = PBXFileReference; lastKnownFileType = sourcecode.swift; path = secondViewController.swift; sourceTree = "<group>"; };
		F69DF2D4246BD9FD0040A66F /* baraberShopInboxVc.swift */ = {isa = PBXFileReference; lastKnownFileType = sourcecode.swift; path = baraberShopInboxVc.swift; sourceTree = "<group>"; };
		F69DF2D8246C06390040A66F /* LocationSearchTable.swift */ = {isa = PBXFileReference; fileEncoding = 4; lastKnownFileType = sourcecode.swift; path = LocationSearchTable.swift; sourceTree = "<group>"; };
		F6A3B0EB243745A7008C03FB /* alamofireExampleViewController.swift */ = {isa = PBXFileReference; lastKnownFileType = sourcecode.swift; path = alamofireExampleViewController.swift; sourceTree = "<group>"; };
		F6AAFEA7246003410008E273 /* sortByTableView.swift */ = {isa = PBXFileReference; lastKnownFileType = sourcecode.swift; path = sortByTableView.swift; sourceTree = "<group>"; };
		F6AFDAF62480D58700415A2F /* firebaseViewController.swift */ = {isa = PBXFileReference; lastKnownFileType = sourcecode.swift; path = firebaseViewController.swift; sourceTree = "<group>"; };
		F6AFDAF82480D6A500415A2F /* GoogleService-Info.plist */ = {isa = PBXFileReference; fileEncoding = 4; lastKnownFileType = text.plist.xml; path = "GoogleService-Info.plist"; sourceTree = "<group>"; };
		F6AFDAFA2480D8D400415A2F /* Begin.entitlements */ = {isa = PBXFileReference; lastKnownFileType = text.plist.entitlements; path = Begin.entitlements; sourceTree = "<group>"; };
		F6B36F252420EDA400AEE85C /* toDoListViewController.swift */ = {isa = PBXFileReference; lastKnownFileType = sourcecode.swift; path = toDoListViewController.swift; sourceTree = "<group>"; };
		F6C3F08124580867000887AE /* barberShopDataModel.swift */ = {isa = PBXFileReference; lastKnownFileType = sourcecode.swift; path = barberShopDataModel.swift; sourceTree = "<group>"; };
		F6C3F08324580E08000887AE /* barberShopData.swift */ = {isa = PBXFileReference; lastKnownFileType = sourcecode.swift; path = barberShopData.swift; sourceTree = "<group>"; };
		F6C3F088245B0D6A000887AE /* barberShopFilterVC.swift */ = {isa = PBXFileReference; lastKnownFileType = sourcecode.swift; path = barberShopFilterVC.swift; sourceTree = "<group>"; };
		F6D2790C244886FD0018566C /* ContactAPIHelper.swift */ = {isa = PBXFileReference; lastKnownFileType = sourcecode.swift; path = ContactAPIHelper.swift; sourceTree = "<group>"; };
		F6D279102449B6960018566C /* tableViewDataSource.swift */ = {isa = PBXFileReference; lastKnownFileType = sourcecode.swift; path = tableViewDataSource.swift; sourceTree = "<group>"; };
		F6D279122449C2100018566C /* contactExtension.swift */ = {isa = PBXFileReference; lastKnownFileType = sourcecode.swift; path = contactExtension.swift; sourceTree = "<group>"; };
		F6D27917244AE98D0018566C /* barberAppViewController.swift */ = {isa = PBXFileReference; lastKnownFileType = sourcecode.swift; path = barberAppViewController.swift; sourceTree = "<group>"; };
		F6D451312456E29800B7627B /* tableCell.swift */ = {isa = PBXFileReference; lastKnownFileType = sourcecode.swift; path = tableCell.swift; sourceTree = "<group>"; };
		F6D451332456E44E00B7627B /* collectionCell.swift */ = {isa = PBXFileReference; lastKnownFileType = sourcecode.swift; path = collectionCell.swift; sourceTree = "<group>"; };
		F6D451372456EBBC00B7627B /* servicesTableView.swift */ = {isa = PBXFileReference; lastKnownFileType = sourcecode.swift; path = servicesTableView.swift; sourceTree = "<group>"; };
		F6D451392456EC1100B7627B /* categoryCollectionView.swift */ = {isa = PBXFileReference; lastKnownFileType = sourcecode.swift; path = categoryCollectionView.swift; sourceTree = "<group>"; };
		F6DF81672462C3A200F2C973 /* RangeSlider.swift */ = {isa = PBXFileReference; lastKnownFileType = sourcecode.swift; path = RangeSlider.swift; sourceTree = "<group>"; };
		F6DF81692462C48100F2C973 /* RangeSliderThumbLayer.swift */ = {isa = PBXFileReference; lastKnownFileType = sourcecode.swift; path = RangeSliderThumbLayer.swift; sourceTree = "<group>"; };
		F6DF816B2462C4B300F2C973 /* RangeSliderTrackLayer.swift */ = {isa = PBXFileReference; lastKnownFileType = sourcecode.swift; path = RangeSliderTrackLayer.swift; sourceTree = "<group>"; };
		F6E1BE0D2477ACB600E04CAC /* barberShopTabBar.swift */ = {isa = PBXFileReference; lastKnownFileType = sourcecode.swift; path = barberShopTabBar.swift; sourceTree = "<group>"; };
		F6E3B17B2420FE770007CAC6 /* addTaskViewController.swift */ = {isa = PBXFileReference; lastKnownFileType = sourcecode.swift; path = addTaskViewController.swift; sourceTree = "<group>"; };
		F6E3B17D24220DBA0007CAC6 /* viewTaskTableViewCell.swift */ = {isa = PBXFileReference; lastKnownFileType = sourcecode.swift; path = viewTaskTableViewCell.swift; sourceTree = "<group>"; };
		F6E3B183242247360007CAC6 /* TaskModel.swift */ = {isa = PBXFileReference; lastKnownFileType = sourcecode.swift; path = TaskModel.swift; sourceTree = "<group>"; };
		F6E3B1852423810D0007CAC6 /* doneTaskTableViewCell.swift */ = {isa = PBXFileReference; lastKnownFileType = sourcecode.swift; path = doneTaskTableViewCell.swift; sourceTree = "<group>"; };
		F6E3B1892423851F0007CAC6 /* doneTaskTableViewController.swift */ = {isa = PBXFileReference; lastKnownFileType = sourcecode.swift; path = doneTaskTableViewController.swift; sourceTree = "<group>"; };
		F6F8EC2B2433491500FF3C23 /* gcdViewController.swift */ = {isa = PBXFileReference; lastKnownFileType = sourcecode.swift; path = gcdViewController.swift; sourceTree = "<group>"; };
		F6F8EC2D2433813F00FF3C23 /* Podfile */ = {isa = PBXFileReference; lastKnownFileType = text; path = Podfile; sourceTree = "<group>"; xcLanguageSpecificationIdentifier = xcode.lang.ruby; };
/* End PBXFileReference section */

/* Begin PBXFrameworksBuildPhase section */
		581269542412152A002A7C20 /* Frameworks */ = {
			isa = PBXFrameworksBuildPhase;
			buildActionMask = 2147483647;
			files = (
				F68F25DF243F01A600A05F2F /* FacebookLogin in Frameworks */,
				F68F25DB243F01A600A05F2F /* FacebookShare in Frameworks */,
				F68F25DD243F01A600A05F2F /* FacebookCore in Frameworks */,
				B4AC73B6A258E158F4C4D010 /* libPods-Begin.a in Frameworks */,
			);
			runOnlyForDeploymentPostprocessing = 0;
		};
/* End PBXFrameworksBuildPhase section */

/* Begin PBXGroup section */
		13FB0C4EF17BFC0E7996050B /* Pods */ = {
			isa = PBXGroup;
			children = (
				14431F331D0656C85C5B1DC1 /* Pods-Begin.debug.xcconfig */,
				A0683ED21C56E6A2D67BE2B5 /* Pods-Begin.release.xcconfig */,
			);
			path = Pods;
			sourceTree = "<group>";
		};
		5812694E2412152A002A7C20 = {
			isa = PBXGroup;
			children = (
				F6F8EC2D2433813F00FF3C23 /* Podfile */,
				581269592412152A002A7C20 /* Begin */,
				581269582412152A002A7C20 /* Products */,
				13FB0C4EF17BFC0E7996050B /* Pods */,
				735966358F988B9D9672FF39 /* Frameworks */,
			);
			sourceTree = "<group>";
		};
		581269582412152A002A7C20 /* Products */ = {
			isa = PBXGroup;
			children = (
				581269572412152A002A7C20 /* Begin.app */,
			);
			name = Products;
			sourceTree = "<group>";
		};
		581269592412152A002A7C20 /* Begin */ = {
			isa = PBXGroup;
			children = (
				F6AFDAFA2480D8D400415A2F /* Begin.entitlements */,
				F68E8693241CF0810029FA17 /* Data */,
				F68E8690241CEFEB0029FA17 /* Model */,
				F68E868F241CEFE10029FA17 /* Controller */,
				F68E8694241CF0C20029FA17 /* View */,
				F68E868E241CEFC80029FA17 /* Storyboard */,
				5812695A2412152A002A7C20 /* AppDelegate.swift */,
				5812695C2412152A002A7C20 /* SceneDelegate.swift */,
				5812695E2412152A002A7C20 /* ViewController.swift */,
				5812697624128D98002A7C20 /* DataViewController.swift */,
				5840F30B2418F33D00BE4985 /* customTableViewCell.swift */,
				5840F3072418E04900BE4985 /* tableViewController.swift */,
				5840F3052418BE0100BE4985 /* roundViewScroll.swift */,
				5812696324121534002A7C20 /* Assets.xcassets */,
				F6AFDAF82480D6A500415A2F /* GoogleService-Info.plist */,
				5812696824121534002A7C20 /* Info.plist */,
			);
			path = Begin;
			sourceTree = "<group>";
		};
		735966358F988B9D9672FF39 /* Frameworks */ = {
			isa = PBXGroup;
			children = (
				597418C9AEEAA0170D61F277 /* libPods-Begin.a */,
			);
			name = Frameworks;
			sourceTree = "<group>";
		};
		F68E868E241CEFC80029FA17 /* Storyboard */ = {
			isa = PBXGroup;
			children = (
				F697769A244DDB4E00E30B6D /* barber shop fonts */,
				581269602412152A002A7C20 /* Main.storyboard */,
				F69C43AF246E9D7C00A2B215 /* firstViewController.swift */,
				F6AFDAF62480D58700415A2F /* firebaseViewController.swift */,
				F69C43B1246E9D8A00A2B215 /* secondViewController.swift */,
				F668D3EB2472667400630487 /* BarberShopAPIHelper.swift */,
				F669615E244B187200049133 /* barberShopExtension.swift */,
				F6696160244B1C2B00049133 /* barberShopColors.swift */,
				F6C3F08324580E08000887AE /* barberShopData.swift */,
				F6474918247952E900024FF3 /* Spinner.swift */,
				F6C3F08124580867000887AE /* barberShopDataModel.swift */,
				F62D4456248783CC005BB416 /* OTPVC.swift */,
				F6DF81672462C3A200F2C973 /* RangeSlider.swift */,
				F6DF81692462C48100F2C973 /* RangeSliderThumbLayer.swift */,
				F6DF816B2462C4B300F2C973 /* RangeSliderTrackLayer.swift */,
				F6C3F088245B0D6A000887AE /* barberShopFilterVC.swift */,
				F6D451332456E44E00B7627B /* collectionCell.swift */,
				F650FDAC24572C7B00A20125 /* shopCollectionView.swift */,
				F68A22292469210B00F0CD9B /* mapCardCollectionView.swift */,
				F6D451392456EC1100B7627B /* categoryCollectionView.swift */,
				F6D451312456E29800B7627B /* tableCell.swift */,
				F6D451372456EBBC00B7627B /* servicesTableView.swift */,
				F69DF2D4246BD9FD0040A66F /* baraberShopInboxVc.swift */,
				F69DF2D8246C06390040A66F /* LocationSearchTable.swift */,
				F6696F9B245419D6006D5F4D /* barberShopNearByVC.swift */,
				F6696F992452FFA2006D5F4D /* barberShopHomeVC.swift */,
				F6E1BE0D2477ACB600E04CAC /* barberShopTabBar.swift */,
				F6977698244D8BA400E30B6D /* barberShopSignUpVC.swift */,
				F6D27917244AE98D0018566C /* barberAppViewController.swift */,
				F6AAFEA7246003410008E273 /* sortByTableView.swift */,
				F6692DC4245087E100BD6008 /* popUpViewViewController.swift */,
				F6696162244B36A600049133 /* barberShopLoginVC.swift */,
				F668D5602444521E00259A2A /* addContactViewController.swift */,
				F6D279122449C2100018566C /* contactExtension.swift */,
				F668D56D2445A5E700259A2A /* Contact.swift */,
				F668D56B2445A58C00259A2A /* showContactsCell.swift */,
				F6D2790C244886FD0018566C /* ContactAPIHelper.swift */,
				F6D279102449B6960018566C /* tableViewDataSource.swift */,
				F668D55E244451A900259A2A /* ContactViewController.swift */,
				F68F25E22440856200A05F2F /* pickerViewController.swift */,
				F68F25E0243F30B600A05F2F /* fgLogOutViewController.swift */,
				F6704967243D9E5000851B2D /* alamofireViewController.swift */,
				F63206152438587C000B86B6 /* textViewController.swift */,
				F6682B272441D28D00F94C0A /* swiftyJSONExViewController.swift */,
				F6A3B0EB243745A7008C03FB /* alamofireExampleViewController.swift */,
				F62286D6246FD93E0003870E /* LoginModel.swift */,
				F62286D8246FDD0D0003870E /* LoginAPIHelpler.swift */,
				F6954EE2243C8ECC00900736 /* UITextFieldPadding.swift */,
				F683207F243727FF00B15B01 /* barsViewController.swift */,
				F683207D2437088F00B15B01 /* toolsViewController.swift */,
				F683207724363A7000B15B01 /* edgePanViewController.swift */,
				F61800CD24361C7B00FA5942 /* panGestureViewController.swift */,
				F61800CB243617A600FA5942 /* panViewController.swift */,
				F61800C92436075A00FA5942 /* swipeGestureViewController.swift */,
				F61800C72435F1CA00FA5942 /* rotationViewController.swift */,
				F61800C52435CEFF00FA5942 /* pinchGestureViewController.swift */,
				F61800C32435AF7400FA5942 /* gestureRecognizerViewController.swift */,
				F61800C124346DD700FA5942 /* coreLocationViewController.swift */,
				F6F8EC2B2433491500FF3C23 /* gcdViewController.swift */,
				F649CE5A243224C600A2AB5F /* userDefaultsViewController.swift */,
				F649CE58243200E600A2AB5F /* CS193PViewController.swift */,
				F657EC9E2425FF2D00A3FF30 /* coreDataViewController.swift */,
				F657EC9B2425F13B00A3FF30 /* dataModel.xcdatamodeld */,
				F6E3B1892423851F0007CAC6 /* doneTaskTableViewController.swift */,
				F6E3B1852423810D0007CAC6 /* doneTaskTableViewCell.swift */,
				F6E3B17D24220DBA0007CAC6 /* viewTaskTableViewCell.swift */,
				F6B36F252420EDA400AEE85C /* toDoListViewController.swift */,
				F6E3B183242247360007CAC6 /* TaskModel.swift */,
				F6E3B17B2420FE770007CAC6 /* addTaskViewController.swift */,
				F68E86A1241F62220029FA17 /* newCollectionViewCell.swift */,
				5812696524121534002A7C20 /* LaunchScreen.storyboard */,
				F68E869F241F5F4A0029FA17 /* collectionViewController.swift */,
			);
			path = Storyboard;
			sourceTree = "<group>";
		};
		F68E868F241CEFE10029FA17 /* Controller */ = {
			isa = PBXGroup;
			children = (
				F68E8699241CF2EA0029FA17 /* mvcViewController.swift */,
			);
			path = Controller;
			sourceTree = "<group>";
		};
		F68E8690241CEFEB0029FA17 /* Model */ = {
			isa = PBXGroup;
			children = (
				F68E869B241CF4230029FA17 /* mvcModel.swift */,
			);
			path = Model;
			sourceTree = "<group>";
		};
		F68E8693241CF0810029FA17 /* Data */ = {
			isa = PBXGroup;
			children = (
				F68E869D241CF4D50029FA17 /* mvcData.swift */,
			);
			path = Data;
			sourceTree = "<group>";
		};
		F68E8694241CF0C20029FA17 /* View */ = {
			isa = PBXGroup;
			children = (
				F68E8697241CF29E0029FA17 /* mvcCollectionViewCell.swift */,
			);
			path = View;
			sourceTree = "<group>";
		};
		F697769A244DDB4E00E30B6D /* barber shop fonts */ = {
			isa = PBXGroup;
			children = (
				F6696F952451AF23006D5F4D /* Tofino-Regular.ttf */,
				F6696F972451B018006D5F4D /* Tofino-Bold.ttf */,
			);
			path = "barber shop fonts";
			sourceTree = "<group>";
		};
/* End PBXGroup section */

/* Begin PBXNativeTarget section */
		581269562412152A002A7C20 /* Begin */ = {
			isa = PBXNativeTarget;
			buildConfigurationList = 5812696B24121534002A7C20 /* Build configuration list for PBXNativeTarget "Begin" */;
			buildPhases = (
				3C43BAFC424030299E9291EA /* [CP] Check Pods Manifest.lock */,
				581269532412152A002A7C20 /* Sources */,
				581269542412152A002A7C20 /* Frameworks */,
				581269552412152A002A7C20 /* Resources */,
				9D4FA26A18B36BB2435DF182 /* [CP] Copy Pods Resources */,
			);
			buildRules = (
			);
			dependencies = (
			);
			name = Begin;
			packageProductDependencies = (
				F68F25DA243F01A600A05F2F /* FacebookShare */,
				F68F25DC243F01A600A05F2F /* FacebookCore */,
				F68F25DE243F01A600A05F2F /* FacebookLogin */,
			);
			productName = Begin;
			productReference = 581269572412152A002A7C20 /* Begin.app */;
			productType = "com.apple.product-type.application";
		};
/* End PBXNativeTarget section */

/* Begin PBXProject section */
		5812694F2412152A002A7C20 /* Project object */ = {
			isa = PBXProject;
			attributes = {
				LastSwiftUpdateCheck = 1120;
				LastUpgradeCheck = 1120;
				ORGANIZATIONNAME = "Infiny Webcom";
				TargetAttributes = {
					581269562412152A002A7C20 = {
						CreatedOnToolsVersion = 11.2.1;
					};
				};
			};
			buildConfigurationList = 581269522412152A002A7C20 /* Build configuration list for PBXProject "Begin" */;
			compatibilityVersion = "Xcode 9.3";
			developmentRegion = en;
			hasScannedForEncodings = 0;
			knownRegions = (
				en,
				Base,
			);
			mainGroup = 5812694E2412152A002A7C20;
			packageReferences = (
				F68F25D9243F01A600A05F2F /* XCRemoteSwiftPackageReference "facebook-ios-sdk" */,
			);
			productRefGroup = 581269582412152A002A7C20 /* Products */;
			projectDirPath = "";
			projectRoot = "";
			targets = (
				581269562412152A002A7C20 /* Begin */,
			);
		};
/* End PBXProject section */

/* Begin PBXResourcesBuildPhase section */
		581269552412152A002A7C20 /* Resources */ = {
			isa = PBXResourcesBuildPhase;
			buildActionMask = 2147483647;
			files = (
				F6696F962451AF24006D5F4D /* Tofino-Regular.ttf in Resources */,
				5812696724121534002A7C20 /* LaunchScreen.storyboard in Resources */,
				F6696F982451B018006D5F4D /* Tofino-Bold.ttf in Resources */,
				5812696424121534002A7C20 /* Assets.xcassets in Resources */,
				F6F8EC2E2433813F00FF3C23 /* Podfile in Resources */,
				581269622412152A002A7C20 /* Main.storyboard in Resources */,
				F6AFDAF92480D6A500415A2F /* GoogleService-Info.plist in Resources */,
			);
			runOnlyForDeploymentPostprocessing = 0;
		};
/* End PBXResourcesBuildPhase section */

/* Begin PBXShellScriptBuildPhase section */
		3C43BAFC424030299E9291EA /* [CP] Check Pods Manifest.lock */ = {
			isa = PBXShellScriptBuildPhase;
			buildActionMask = 2147483647;
			files = (
			);
			inputFileListPaths = (
			);
			inputPaths = (
				"${PODS_PODFILE_DIR_PATH}/Podfile.lock",
				"${PODS_ROOT}/Manifest.lock",
			);
			name = "[CP] Check Pods Manifest.lock";
			outputFileListPaths = (
			);
			outputPaths = (
				"$(DERIVED_FILE_DIR)/Pods-Begin-checkManifestLockResult.txt",
			);
			runOnlyForDeploymentPostprocessing = 0;
			shellPath = /bin/sh;
			shellScript = "diff \"${PODS_PODFILE_DIR_PATH}/Podfile.lock\" \"${PODS_ROOT}/Manifest.lock\" > /dev/null\nif [ $? != 0 ] ; then\n    # print error to STDERR\n    echo \"error: The sandbox is not in sync with the Podfile.lock. Run 'pod install' or update your CocoaPods installation.\" >&2\n    exit 1\nfi\n# This output is used by Xcode 'outputs' to avoid re-running this script phase.\necho \"SUCCESS\" > \"${SCRIPT_OUTPUT_FILE_0}\"\n";
			showEnvVarsInLog = 0;
		};
		9D4FA26A18B36BB2435DF182 /* [CP] Copy Pods Resources */ = {
			isa = PBXShellScriptBuildPhase;
			buildActionMask = 2147483647;
			files = (
			);
			inputFileListPaths = (
				"${PODS_ROOT}/Target Support Files/Pods-Begin/Pods-Begin-resources-${CONFIGURATION}-input-files.xcfilelist",
			);
			name = "[CP] Copy Pods Resources";
			outputFileListPaths = (
				"${PODS_ROOT}/Target Support Files/Pods-Begin/Pods-Begin-resources-${CONFIGURATION}-output-files.xcfilelist",
			);
			runOnlyForDeploymentPostprocessing = 0;
			shellPath = /bin/sh;
			shellScript = "\"${PODS_ROOT}/Target Support Files/Pods-Begin/Pods-Begin-resources.sh\"\n";
			showEnvVarsInLog = 0;
		};
/* End PBXShellScriptBuildPhase section */

/* Begin PBXSourcesBuildPhase section */
		581269532412152A002A7C20 /* Sources */ = {
			isa = PBXSourcesBuildPhase;
			buildActionMask = 2147483647;
			files = (
				F6E3B17C2420FE770007CAC6 /* addTaskViewController.swift in Sources */,
				F6AAFEA8246003410008E273 /* sortByTableView.swift in Sources */,
				F6D451342456E44E00B7627B /* collectionCell.swift in Sources */,
				F669615F244B187200049133 /* barberShopExtension.swift in Sources */,
				F649CE59243200E600A2AB5F /* CS193PViewController.swift in Sources */,
				F6696161244B1C2B00049133 /* barberShopColors.swift in Sources */,
				F6D451382456EBBC00B7627B /* servicesTableView.swift in Sources */,
				F61800C224346DD700FA5942 /* coreLocationViewController.swift in Sources */,
				F63206162438587C000B86B6 /* textViewController.swift in Sources */,
				F6E1BE0E2477ACB600E04CAC /* barberShopTabBar.swift in Sources */,
				F6692DC5245087E100BD6008 /* popUpViewViewController.swift in Sources */,
				5812695F2412152A002A7C20 /* ViewController.swift in Sources */,
				F69DF2D5246BD9FD0040A66F /* baraberShopInboxVc.swift in Sources */,
				F6704968243D9E5000851B2D /* alamofireViewController.swift in Sources */,
				F6DF816C2462C4B300F2C973 /* RangeSliderTrackLayer.swift in Sources */,
				5840F3062418BE0100BE4985 /* roundViewScroll.swift in Sources */,
				F6C3F08424580E08000887AE /* barberShopData.swift in Sources */,
				F6DF816A2462C48100F2C973 /* RangeSliderThumbLayer.swift in Sources */,
				5812695B2412152A002A7C20 /* AppDelegate.swift in Sources */,
				F61800CC243617A600FA5942 /* panViewController.swift in Sources */,
				F6DF81682462C3A200F2C973 /* RangeSlider.swift in Sources */,
				F650FDAD24572C7B00A20125 /* shopCollectionView.swift in Sources */,
				F68E869E241CF4D50029FA17 /* mvcData.swift in Sources */,
				F6AFDAF72480D58700415A2F /* firebaseViewController.swift in Sources */,
				F683207E2437088F00B15B01 /* toolsViewController.swift in Sources */,
				F6D279112449B6960018566C /* tableViewDataSource.swift in Sources */,
				F6B36F262420EDA400AEE85C /* toDoListViewController.swift in Sources */,
				F683207824363A7000B15B01 /* edgePanViewController.swift in Sources */,
				F649CE5B243224C600A2AB5F /* userDefaultsViewController.swift in Sources */,
				F61800CA2436075A00FA5942 /* swipeGestureViewController.swift in Sources */,
				F6A3B0EC243745A7008C03FB /* alamofireExampleViewController.swift in Sources */,
				F62286D7246FD93E0003870E /* LoginModel.swift in Sources */,
				F69C43B2246E9D8A00A2B215 /* secondViewController.swift in Sources */,
				F6C3F08224580867000887AE /* barberShopDataModel.swift in Sources */,
				F6E3B1862423810D0007CAC6 /* doneTaskTableViewCell.swift in Sources */,
				F6832080243727FF00B15B01 /* barsViewController.swift in Sources */,
				F61800C82435F1CA00FA5942 /* rotationViewController.swift in Sources */,
				F69DF2D9246C063B0040A66F /* LocationSearchTable.swift in Sources */,
				5840F30C2418F33E00BE4985 /* customTableViewCell.swift in Sources */,
				F69C43B0246E9D7C00A2B215 /* firstViewController.swift in Sources */,
				F6E3B184242247360007CAC6 /* TaskModel.swift in Sources */,
				F6D451322456E29800B7627B /* tableCell.swift in Sources */,
				F68A222A2469210B00F0CD9B /* mapCardCollectionView.swift in Sources */,
				F61800CE24361C7B00FA5942 /* panGestureViewController.swift in Sources */,
				F6474919247952E900024FF3 /* Spinner.swift in Sources */,
				F6E3B17E24220DBA0007CAC6 /* viewTaskTableViewCell.swift in Sources */,
				F6682B282441D28D00F94C0A /* swiftyJSONExViewController.swift in Sources */,
				5840F3082418E04900BE4985 /* tableViewController.swift in Sources */,
				F6696F9C245419D6006D5F4D /* barberShopNearByVC.swift in Sources */,
				F668D5612444521E00259A2A /* addContactViewController.swift in Sources */,
				F62D4457248783CC005BB416 /* OTPVC.swift in Sources */,
				F6977699244D8BA400E30B6D /* barberShopSignUpVC.swift in Sources */,
				F68E8698241CF29E0029FA17 /* mvcCollectionViewCell.swift in Sources */,
				F62286D9246FDD0E0003870E /* LoginAPIHelpler.swift in Sources */,
				F668D56E2445A5E700259A2A /* Contact.swift in Sources */,
				F6696F9A2452FFA3006D5F4D /* barberShopHomeVC.swift in Sources */,
				F68E869C241CF4230029FA17 /* mvcModel.swift in Sources */,
				F68F25E32440856200A05F2F /* pickerViewController.swift in Sources */,
				F61800C42435AF7400FA5942 /* gestureRecognizerViewController.swift in Sources */,
				F668D55F244451A900259A2A /* ContactViewController.swift in Sources */,
				F68E86A0241F5F4A0029FA17 /* collectionViewController.swift in Sources */,
				F657EC9F2425FF2D00A3FF30 /* coreDataViewController.swift in Sources */,
				F68F25E1243F30B600A05F2F /* fgLogOutViewController.swift in Sources */,
				5812697724128D98002A7C20 /* DataViewController.swift in Sources */,
				F657EC9D2425F13B00A3FF30 /* dataModel.xcdatamodeld in Sources */,
				F6D2790D244886FD0018566C /* ContactAPIHelper.swift in Sources */,
				F6D4513A2456EC1100B7627B /* categoryCollectionView.swift in Sources */,
				F6954EE3243C8ECD00900736 /* UITextFieldPadding.swift in Sources */,
				F6696163244B36A600049133 /* barberShopLoginVC.swift in Sources */,
				5812695D2412152A002A7C20 /* SceneDelegate.swift in Sources */,
				F668D3EC2472667400630487 /* BarberShopAPIHelper.swift in Sources */,
				F61800C62435CEFF00FA5942 /* pinchGestureViewController.swift in Sources */,
				F6D27918244AE98D0018566C /* barberAppViewController.swift in Sources */,
				F6D279132449C2110018566C /* contactExtension.swift in Sources */,
				F6C3F089245B0D6A000887AE /* barberShopFilterVC.swift in Sources */,
				F68E869A241CF2EA0029FA17 /* mvcViewController.swift in Sources */,
				F6E3B18A2423851F0007CAC6 /* doneTaskTableViewController.swift in Sources */,
				F668D56C2445A58C00259A2A /* showContactsCell.swift in Sources */,
				F68E86A2241F62220029FA17 /* newCollectionViewCell.swift in Sources */,
				F6F8EC2C2433491500FF3C23 /* gcdViewController.swift in Sources */,
			);
			runOnlyForDeploymentPostprocessing = 0;
		};
/* End PBXSourcesBuildPhase section */

/* Begin PBXVariantGroup section */
		581269602412152A002A7C20 /* Main.storyboard */ = {
			isa = PBXVariantGroup;
			children = (
				581269612412152A002A7C20 /* Base */,
			);
			name = Main.storyboard;
			sourceTree = "<group>";
		};
		5812696524121534002A7C20 /* LaunchScreen.storyboard */ = {
			isa = PBXVariantGroup;
			children = (
				5812696624121534002A7C20 /* Base */,
			);
			name = LaunchScreen.storyboard;
			sourceTree = "<group>";
		};
/* End PBXVariantGroup section */

/* Begin XCBuildConfiguration section */
		5812696924121534002A7C20 /* Debug */ = {
			isa = XCBuildConfiguration;
			buildSettings = {
				ALWAYS_SEARCH_USER_PATHS = NO;
				CLANG_ANALYZER_NONNULL = YES;
				CLANG_ANALYZER_NUMBER_OBJECT_CONVERSION = YES_AGGRESSIVE;
				CLANG_CXX_LANGUAGE_STANDARD = "gnu++14";
				CLANG_CXX_LIBRARY = "libc++";
				CLANG_ENABLE_MODULES = YES;
				CLANG_ENABLE_OBJC_ARC = YES;
				CLANG_ENABLE_OBJC_WEAK = YES;
				CLANG_WARN_BLOCK_CAPTURE_AUTORELEASING = YES;
				CLANG_WARN_BOOL_CONVERSION = YES;
				CLANG_WARN_COMMA = YES;
				CLANG_WARN_CONSTANT_CONVERSION = YES;
				CLANG_WARN_DEPRECATED_OBJC_IMPLEMENTATIONS = YES;
				CLANG_WARN_DIRECT_OBJC_ISA_USAGE = YES_ERROR;
				CLANG_WARN_DOCUMENTATION_COMMENTS = YES;
				CLANG_WARN_EMPTY_BODY = YES;
				CLANG_WARN_ENUM_CONVERSION = YES;
				CLANG_WARN_INFINITE_RECURSION = YES;
				CLANG_WARN_INT_CONVERSION = YES;
				CLANG_WARN_NON_LITERAL_NULL_CONVERSION = YES;
				CLANG_WARN_OBJC_IMPLICIT_RETAIN_SELF = YES;
				CLANG_WARN_OBJC_LITERAL_CONVERSION = YES;
				CLANG_WARN_OBJC_ROOT_CLASS = YES_ERROR;
				CLANG_WARN_RANGE_LOOP_ANALYSIS = YES;
				CLANG_WARN_STRICT_PROTOTYPES = YES;
				CLANG_WARN_SUSPICIOUS_MOVE = YES;
				CLANG_WARN_UNGUARDED_AVAILABILITY = YES_AGGRESSIVE;
				CLANG_WARN_UNREACHABLE_CODE = YES;
				CLANG_WARN__DUPLICATE_METHOD_MATCH = YES;
				COPY_PHASE_STRIP = NO;
				DEBUG_INFORMATION_FORMAT = dwarf;
				ENABLE_STRICT_OBJC_MSGSEND = YES;
				ENABLE_TESTABILITY = YES;
				GCC_C_LANGUAGE_STANDARD = gnu11;
				GCC_DYNAMIC_NO_PIC = NO;
				GCC_NO_COMMON_BLOCKS = YES;
				GCC_OPTIMIZATION_LEVEL = 0;
				GCC_PREPROCESSOR_DEFINITIONS = (
					"DEBUG=1",
					"$(inherited)",
				);
				GCC_WARN_64_TO_32_BIT_CONVERSION = YES;
				GCC_WARN_ABOUT_RETURN_TYPE = YES_ERROR;
				GCC_WARN_UNDECLARED_SELECTOR = YES;
				GCC_WARN_UNINITIALIZED_AUTOS = YES_AGGRESSIVE;
				GCC_WARN_UNUSED_FUNCTION = YES;
				GCC_WARN_UNUSED_VARIABLE = YES;
				IPHONEOS_DEPLOYMENT_TARGET = 13.2;
				MTL_ENABLE_DEBUG_INFO = INCLUDE_SOURCE;
				MTL_FAST_MATH = YES;
				ONLY_ACTIVE_ARCH = YES;
				SDKROOT = iphoneos;
				SWIFT_ACTIVE_COMPILATION_CONDITIONS = DEBUG;
				SWIFT_OPTIMIZATION_LEVEL = "-Onone";
			};
			name = Debug;
		};
		5812696A24121534002A7C20 /* Release */ = {
			isa = XCBuildConfiguration;
			buildSettings = {
				ALWAYS_SEARCH_USER_PATHS = NO;
				CLANG_ANALYZER_NONNULL = YES;
				CLANG_ANALYZER_NUMBER_OBJECT_CONVERSION = YES_AGGRESSIVE;
				CLANG_CXX_LANGUAGE_STANDARD = "gnu++14";
				CLANG_CXX_LIBRARY = "libc++";
				CLANG_ENABLE_MODULES = YES;
				CLANG_ENABLE_OBJC_ARC = YES;
				CLANG_ENABLE_OBJC_WEAK = YES;
				CLANG_WARN_BLOCK_CAPTURE_AUTORELEASING = YES;
				CLANG_WARN_BOOL_CONVERSION = YES;
				CLANG_WARN_COMMA = YES;
				CLANG_WARN_CONSTANT_CONVERSION = YES;
				CLANG_WARN_DEPRECATED_OBJC_IMPLEMENTATIONS = YES;
				CLANG_WARN_DIRECT_OBJC_ISA_USAGE = YES_ERROR;
				CLANG_WARN_DOCUMENTATION_COMMENTS = YES;
				CLANG_WARN_EMPTY_BODY = YES;
				CLANG_WARN_ENUM_CONVERSION = YES;
				CLANG_WARN_INFINITE_RECURSION = YES;
				CLANG_WARN_INT_CONVERSION = YES;
				CLANG_WARN_NON_LITERAL_NULL_CONVERSION = YES;
				CLANG_WARN_OBJC_IMPLICIT_RETAIN_SELF = YES;
				CLANG_WARN_OBJC_LITERAL_CONVERSION = YES;
				CLANG_WARN_OBJC_ROOT_CLASS = YES_ERROR;
				CLANG_WARN_RANGE_LOOP_ANALYSIS = YES;
				CLANG_WARN_STRICT_PROTOTYPES = YES;
				CLANG_WARN_SUSPICIOUS_MOVE = YES;
				CLANG_WARN_UNGUARDED_AVAILABILITY = YES_AGGRESSIVE;
				CLANG_WARN_UNREACHABLE_CODE = YES;
				CLANG_WARN__DUPLICATE_METHOD_MATCH = YES;
				COPY_PHASE_STRIP = NO;
				DEBUG_INFORMATION_FORMAT = "dwarf-with-dsym";
				ENABLE_NS_ASSERTIONS = NO;
				ENABLE_STRICT_OBJC_MSGSEND = YES;
				GCC_C_LANGUAGE_STANDARD = gnu11;
				GCC_NO_COMMON_BLOCKS = YES;
				GCC_WARN_64_TO_32_BIT_CONVERSION = YES;
				GCC_WARN_ABOUT_RETURN_TYPE = YES_ERROR;
				GCC_WARN_UNDECLARED_SELECTOR = YES;
				GCC_WARN_UNINITIALIZED_AUTOS = YES_AGGRESSIVE;
				GCC_WARN_UNUSED_FUNCTION = YES;
				GCC_WARN_UNUSED_VARIABLE = YES;
				IPHONEOS_DEPLOYMENT_TARGET = 13.2;
				MTL_ENABLE_DEBUG_INFO = NO;
				MTL_FAST_MATH = YES;
				SDKROOT = iphoneos;
				SWIFT_COMPILATION_MODE = wholemodule;
				SWIFT_OPTIMIZATION_LEVEL = "-O";
				VALIDATE_PRODUCT = YES;
			};
			name = Release;
		};
		5812696C24121534002A7C20 /* Debug */ = {
			isa = XCBuildConfiguration;
			baseConfigurationReference = 14431F331D0656C85C5B1DC1 /* Pods-Begin.debug.xcconfig */;
			buildSettings = {
				ASSETCATALOG_COMPILER_APPICON_NAME = AppIcon;
				CODE_SIGN_ENTITLEMENTS = Begin/Begin.entitlements;
				CODE_SIGN_STYLE = Automatic;
				DEVELOPMENT_TEAM = YB2EMMCMM8;
				INFOPLIST_FILE = Begin/Info.plist;
				LD_RUNPATH_SEARCH_PATHS = (
					"$(inherited)",
					"@executable_path/Frameworks",
				);
				PRODUCT_BUNDLE_IDENTIFIER = com.infiny.Begin;
				PRODUCT_NAME = "$(TARGET_NAME)";
				SWIFT_VERSION = 5.0;
				TARGETED_DEVICE_FAMILY = "1,2";
			};
			name = Debug;
		};
		5812696D24121534002A7C20 /* Release */ = {
			isa = XCBuildConfiguration;
			baseConfigurationReference = A0683ED21C56E6A2D67BE2B5 /* Pods-Begin.release.xcconfig */;
			buildSettings = {
				ASSETCATALOG_COMPILER_APPICON_NAME = AppIcon;
				CODE_SIGN_ENTITLEMENTS = Begin/Begin.entitlements;
				CODE_SIGN_STYLE = Automatic;
				DEVELOPMENT_TEAM = YB2EMMCMM8;
				INFOPLIST_FILE = Begin/Info.plist;
				LD_RUNPATH_SEARCH_PATHS = (
					"$(inherited)",
					"@executable_path/Frameworks",
				);
				PRODUCT_BUNDLE_IDENTIFIER = com.infiny.Begin;
				PRODUCT_NAME = "$(TARGET_NAME)";
				SWIFT_VERSION = 5.0;
				TARGETED_DEVICE_FAMILY = "1,2";
			};
			name = Release;
		};
/* End XCBuildConfiguration section */

/* Begin XCConfigurationList section */
		581269522412152A002A7C20 /* Build configuration list for PBXProject "Begin" */ = {
			isa = XCConfigurationList;
			buildConfigurations = (
				5812696924121534002A7C20 /* Debug */,
				5812696A24121534002A7C20 /* Release */,
			);
			defaultConfigurationIsVisible = 0;
			defaultConfigurationName = Release;
		};
		5812696B24121534002A7C20 /* Build configuration list for PBXNativeTarget "Begin" */ = {
			isa = XCConfigurationList;
			buildConfigurations = (
				5812696C24121534002A7C20 /* Debug */,
				5812696D24121534002A7C20 /* Release */,
			);
			defaultConfigurationIsVisible = 0;
			defaultConfigurationName = Release;
		};
/* End XCConfigurationList section */

/* Begin XCRemoteSwiftPackageReference section */
		F68F25D9243F01A600A05F2F /* XCRemoteSwiftPackageReference "facebook-ios-sdk" */ = {
			isa = XCRemoteSwiftPackageReference;
			repositoryURL = "https://github.com/facebook/facebook-ios-sdk";
			requirement = {
				kind = upToNextMinorVersion;
				minimumVersion = 6.3.0;
			};
		};
/* End XCRemoteSwiftPackageReference section */

/* Begin XCSwiftPackageProductDependency section */
		F68F25DA243F01A600A05F2F /* FacebookShare */ = {
			isa = XCSwiftPackageProductDependency;
			package = F68F25D9243F01A600A05F2F /* XCRemoteSwiftPackageReference "facebook-ios-sdk" */;
			productName = FacebookShare;
		};
		F68F25DC243F01A600A05F2F /* FacebookCore */ = {
			isa = XCSwiftPackageProductDependency;
			package = F68F25D9243F01A600A05F2F /* XCRemoteSwiftPackageReference "facebook-ios-sdk" */;
			productName = FacebookCore;
		};
		F68F25DE243F01A600A05F2F /* FacebookLogin */ = {
			isa = XCSwiftPackageProductDependency;
			package = F68F25D9243F01A600A05F2F /* XCRemoteSwiftPackageReference "facebook-ios-sdk" */;
			productName = FacebookLogin;
		};
/* End XCSwiftPackageProductDependency section */

/* Begin XCVersionGroup section */
		F657EC9B2425F13B00A3FF30 /* dataModel.xcdatamodeld */ = {
			isa = XCVersionGroup;
			children = (
				F657EC9C2425F13B00A3FF30 /* dataModel.xcdatamodel */,
			);
			currentVersion = F657EC9C2425F13B00A3FF30 /* dataModel.xcdatamodel */;
			path = dataModel.xcdatamodeld;
			sourceTree = "<group>";
			versionGroupType = wrapper.xcdatamodel;
		};
/* End XCVersionGroup section */
	};
	rootObject = 5812694F2412152A002A7C20 /* Project object */;
}
