// !$*UTF8*$!
{
	archiveVersion = 1;
	classes = {
	};
	objectVersion = 50;
	objects = {

/* Begin PBXBuildFile section */
		5812695B2412152A002A7C20 /* AppDelegate.swift in Sources */ = {isa = PBXBuildFile; fileRef = 5812695A2412152A002A7C20 /* AppDelegate.swift */; };
		5812695D2412152A002A7C20 /* SceneDelegate.swift in Sources */ = {isa = PBXBuildFile; fileRef = 5812695C2412152A002A7C20 /* SceneDelegate.swift */; };
		5812695F2412152A002A7C20 /* ViewController.swift in Sources */ = {isa = PBXBuildFile; fileRef = 5812695E2412152A002A7C20 /* ViewController.swift */; };
		581269622412152A002A7C20 /* Main.storyboard in Resources */ = {isa = PBXBuildFile; fileRef = 581269602412152A002A7C20 /* Main.storyboard */; };
		5812696424121534002A7C20 /* Assets.xcassets in Resources */ = {isa = PBXBuildFile; fileRef = 5812696324121534002A7C20 /* Assets.xcassets */; };
		5812696724121534002A7C20 /* LaunchScreen.storyboard in Resources */ = {isa = PBXBuildFile; fileRef = 5812696524121534002A7C20 /* LaunchScreen.storyboard */; };
		5812697724128D98002A7C20 /* DataViewController.swift in Sources */ = {isa = PBXBuildFile; fileRef = 5812697624128D98002A7C20 /* DataViewController.swift */; };
		5840F3062418BE0100BE4985 /* roundViewScroll.swift in Sources */ = {isa = PBXBuildFile; fileRef = 5840F3052418BE0100BE4985 /* roundViewScroll.swift */; };
		5840F3082418E04900BE4985 /* tableViewController.swift in Sources */ = {isa = PBXBuildFile; fileRef = 5840F3072418E04900BE4985 /* tableViewController.swift */; };
		5840F30C2418F33E00BE4985 /* customTableViewCell.swift in Sources */ = {isa = PBXBuildFile; fileRef = 5840F30B2418F33D00BE4985 /* customTableViewCell.swift */; };
		F68E8698241CF29E0029FA17 /* mvcCollectionViewCell.swift in Sources */ = {isa = PBXBuildFile; fileRef = F68E8697241CF29E0029FA17 /* mvcCollectionViewCell.swift */; };
		F68E869A241CF2EA0029FA17 /* mvcViewController.swift in Sources */ = {isa = PBXBuildFile; fileRef = F68E8699241CF2EA0029FA17 /* mvcViewController.swift */; };
		F68E869C241CF4230029FA17 /* mvcModel.swift in Sources */ = {isa = PBXBuildFile; fileRef = F68E869B241CF4230029FA17 /* mvcModel.swift */; };
		F68E869E241CF4D50029FA17 /* mvcData.swift in Sources */ = {isa = PBXBuildFile; fileRef = F68E869D241CF4D50029FA17 /* mvcData.swift */; };
		F68E86A0241F5F4A0029FA17 /* collectionViewController.swift in Sources */ = {isa = PBXBuildFile; fileRef = F68E869F241F5F4A0029FA17 /* collectionViewController.swift */; };
		F68E86A2241F62220029FA17 /* newCollectionViewCell.swift in Sources */ = {isa = PBXBuildFile; fileRef = F68E86A1241F62220029FA17 /* newCollectionViewCell.swift */; };
		F6B36F262420EDA400AEE85C /* toDoListViewController.swift in Sources */ = {isa = PBXBuildFile; fileRef = F6B36F252420EDA400AEE85C /* toDoListViewController.swift */; };
		F6E3B17C2420FE770007CAC6 /* addTaskViewController.swift in Sources */ = {isa = PBXBuildFile; fileRef = F6E3B17B2420FE770007CAC6 /* addTaskViewController.swift */; };
		F6E3B17E24220DBA0007CAC6 /* viewTaskTableViewCell.swift in Sources */ = {isa = PBXBuildFile; fileRef = F6E3B17D24220DBA0007CAC6 /* viewTaskTableViewCell.swift */; };
		F6E3B184242247360007CAC6 /* TaskModel.swift in Sources */ = {isa = PBXBuildFile; fileRef = F6E3B183242247360007CAC6 /* TaskModel.swift */; };
/* End PBXBuildFile section */

/* Begin PBXFileReference section */
		581269572412152A002A7C20 /* Begin.app */ = {isa = PBXFileReference; explicitFileType = wrapper.application; includeInIndex = 0; path = Begin.app; sourceTree = BUILT_PRODUCTS_DIR; };
		5812695A2412152A002A7C20 /* AppDelegate.swift */ = {isa = PBXFileReference; lastKnownFileType = sourcecode.swift; path = AppDelegate.swift; sourceTree = "<group>"; };
		5812695C2412152A002A7C20 /* SceneDelegate.swift */ = {isa = PBXFileReference; lastKnownFileType = sourcecode.swift; path = SceneDelegate.swift; sourceTree = "<group>"; };
		5812695E2412152A002A7C20 /* ViewController.swift */ = {isa = PBXFileReference; lastKnownFileType = sourcecode.swift; path = ViewController.swift; sourceTree = "<group>"; };
		581269612412152A002A7C20 /* Base */ = {isa = PBXFileReference; lastKnownFileType = file.storyboard; name = Base; path = Base.lproj/Main.storyboard; sourceTree = "<group>"; };
		5812696324121534002A7C20 /* Assets.xcassets */ = {isa = PBXFileReference; lastKnownFileType = folder.assetcatalog; path = Assets.xcassets; sourceTree = "<group>"; };
		5812696624121534002A7C20 /* Base */ = {isa = PBXFileReference; lastKnownFileType = file.storyboard; name = Base; path = Base.lproj/LaunchScreen.storyboard; sourceTree = "<group>"; };
		5812696824121534002A7C20 /* Info.plist */ = {isa = PBXFileReference; lastKnownFileType = text.plist.xml; path = Info.plist; sourceTree = "<group>"; };
		5812697624128D98002A7C20 /* DataViewController.swift */ = {isa = PBXFileReference; lastKnownFileType = sourcecode.swift; path = DataViewController.swift; sourceTree = "<group>"; };
		5840F3052418BE0100BE4985 /* roundViewScroll.swift */ = {isa = PBXFileReference; lastKnownFileType = sourcecode.swift; path = roundViewScroll.swift; sourceTree = "<group>"; };
		5840F3072418E04900BE4985 /* tableViewController.swift */ = {isa = PBXFileReference; lastKnownFileType = sourcecode.swift; path = tableViewController.swift; sourceTree = "<group>"; };
		5840F30B2418F33D00BE4985 /* customTableViewCell.swift */ = {isa = PBXFileReference; lastKnownFileType = sourcecode.swift; path = customTableViewCell.swift; sourceTree = "<group>"; };
		F68E8697241CF29E0029FA17 /* mvcCollectionViewCell.swift */ = {isa = PBXFileReference; lastKnownFileType = sourcecode.swift; path = mvcCollectionViewCell.swift; sourceTree = "<group>"; };
		F68E8699241CF2EA0029FA17 /* mvcViewController.swift */ = {isa = PBXFileReference; lastKnownFileType = sourcecode.swift; path = mvcViewController.swift; sourceTree = "<group>"; };
		F68E869B241CF4230029FA17 /* mvcModel.swift */ = {isa = PBXFileReference; lastKnownFileType = sourcecode.swift; path = mvcModel.swift; sourceTree = "<group>"; };
		F68E869D241CF4D50029FA17 /* mvcData.swift */ = {isa = PBXFileReference; lastKnownFileType = sourcecode.swift; path = mvcData.swift; sourceTree = "<group>"; };
		F68E869F241F5F4A0029FA17 /* collectionViewController.swift */ = {isa = PBXFileReference; lastKnownFileType = sourcecode.swift; path = collectionViewController.swift; sourceTree = "<group>"; };
		F68E86A1241F62220029FA17 /* newCollectionViewCell.swift */ = {isa = PBXFileReference; lastKnownFileType = sourcecode.swift; path = newCollectionViewCell.swift; sourceTree = "<group>"; };
		F6B36F252420EDA400AEE85C /* toDoListViewController.swift */ = {isa = PBXFileReference; lastKnownFileType = sourcecode.swift; path = toDoListViewController.swift; sourceTree = "<group>"; };
		F6E3B17B2420FE770007CAC6 /* addTaskViewController.swift */ = {isa = PBXFileReference; lastKnownFileType = sourcecode.swift; path = addTaskViewController.swift; sourceTree = "<group>"; };
		F6E3B17D24220DBA0007CAC6 /* viewTaskTableViewCell.swift */ = {isa = PBXFileReference; lastKnownFileType = sourcecode.swift; path = viewTaskTableViewCell.swift; sourceTree = "<group>"; };
		F6E3B183242247360007CAC6 /* TaskModel.swift */ = {isa = PBXFileReference; lastKnownFileType = sourcecode.swift; path = TaskModel.swift; sourceTree = "<group>"; };
/* End PBXFileReference section */

/* Begin PBXFrameworksBuildPhase section */
		581269542412152A002A7C20 /* Frameworks */ = {
			isa = PBXFrameworksBuildPhase;
			buildActionMask = 2147483647;
			files = (
			);
			runOnlyForDeploymentPostprocessing = 0;
		};
/* End PBXFrameworksBuildPhase section */

/* Begin PBXGroup section */
		5812694E2412152A002A7C20 = {
			isa = PBXGroup;
			children = (
				581269592412152A002A7C20 /* Begin */,
				581269582412152A002A7C20 /* Products */,
			);
			sourceTree = "<group>";
		};
		581269582412152A002A7C20 /* Products */ = {
			isa = PBXGroup;
			children = (
				581269572412152A002A7C20 /* Begin.app */,
			);
			name = Products;
			sourceTree = "<group>";
		};
		581269592412152A002A7C20 /* Begin */ = {
			isa = PBXGroup;
			children = (
				F68E8693241CF0810029FA17 /* Data */,
				F68E8690241CEFEB0029FA17 /* Model */,
				F68E868F241CEFE10029FA17 /* Controller */,
				F68E8694241CF0C20029FA17 /* View */,
				F68E868E241CEFC80029FA17 /* Storyboard */,
				5812695A2412152A002A7C20 /* AppDelegate.swift */,
				5812695C2412152A002A7C20 /* SceneDelegate.swift */,
				5812695E2412152A002A7C20 /* ViewController.swift */,
				5812697624128D98002A7C20 /* DataViewController.swift */,
				5840F30B2418F33D00BE4985 /* customTableViewCell.swift */,
				5840F3072418E04900BE4985 /* tableViewController.swift */,
				5840F3052418BE0100BE4985 /* roundViewScroll.swift */,
				5812696324121534002A7C20 /* Assets.xcassets */,
				5812696824121534002A7C20 /* Info.plist */,
			);
			path = Begin;
			sourceTree = "<group>";
		};
		F68E868E241CEFC80029FA17 /* Storyboard */ = {
			isa = PBXGroup;
			children = (
				581269602412152A002A7C20 /* Main.storyboard */,
				F6E3B17D24220DBA0007CAC6 /* viewTaskTableViewCell.swift */,
				F6B36F252420EDA400AEE85C /* toDoListViewController.swift */,
				F6E3B183242247360007CAC6 /* TaskModel.swift */,
				F6E3B17B2420FE770007CAC6 /* addTaskViewController.swift */,
				F68E86A1241F62220029FA17 /* newCollectionViewCell.swift */,
				5812696524121534002A7C20 /* LaunchScreen.storyboard */,
				F68E869F241F5F4A0029FA17 /* collectionViewController.swift */,
			);
			path = Storyboard;
			sourceTree = "<group>";
		};
		F68E868F241CEFE10029FA17 /* Controller */ = {
			isa = PBXGroup;
			children = (
				F68E8699241CF2EA0029FA17 /* mvcViewController.swift */,
			);
			path = Controller;
			sourceTree = "<group>";
		};
		F68E8690241CEFEB0029FA17 /* Model */ = {
			isa = PBXGroup;
			children = (
				F68E869B241CF4230029FA17 /* mvcModel.swift */,
			);
			path = Model;
			sourceTree = "<group>";
		};
		F68E8693241CF0810029FA17 /* Data */ = {
			isa = PBXGroup;
			children = (
				F68E869D241CF4D50029FA17 /* mvcData.swift */,
			);
			path = Data;
			sourceTree = "<group>";
		};
		F68E8694241CF0C20029FA17 /* View */ = {
			isa = PBXGroup;
			children = (
				F68E8697241CF29E0029FA17 /* mvcCollectionViewCell.swift */,
			);
			path = View;
			sourceTree = "<group>";
		};
/* End PBXGroup section */

/* Begin PBXNativeTarget section */
		581269562412152A002A7C20 /* Begin */ = {
			isa = PBXNativeTarget;
			buildConfigurationList = 5812696B24121534002A7C20 /* Build configuration list for PBXNativeTarget "Begin" */;
			buildPhases = (
				581269532412152A002A7C20 /* Sources */,
				581269542412152A002A7C20 /* Frameworks */,
				581269552412152A002A7C20 /* Resources */,
			);
			buildRules = (
			);
			dependencies = (
			);
			name = Begin;
			productName = Begin;
			productReference = 581269572412152A002A7C20 /* Begin.app */;
			productType = "com.apple.product-type.application";
		};
/* End PBXNativeTarget section */

/* Begin PBXProject section */
		5812694F2412152A002A7C20 /* Project object */ = {
			isa = PBXProject;
			attributes = {
				LastSwiftUpdateCheck = 1120;
				LastUpgradeCheck = 1120;
				ORGANIZATIONNAME = "Infiny Webcom";
				TargetAttributes = {
					581269562412152A002A7C20 = {
						CreatedOnToolsVersion = 11.2.1;
					};
				};
			};
			buildConfigurationList = 581269522412152A002A7C20 /* Build configuration list for PBXProject "Begin" */;
			compatibilityVersion = "Xcode 9.3";
			developmentRegion = en;
			hasScannedForEncodings = 0;
			knownRegions = (
				en,
				Base,
			);
			mainGroup = 5812694E2412152A002A7C20;
			productRefGroup = 581269582412152A002A7C20 /* Products */;
			projectDirPath = "";
			projectRoot = "";
			targets = (
				581269562412152A002A7C20 /* Begin */,
			);
		};
/* End PBXProject section */

/* Begin PBXResourcesBuildPhase section */
		581269552412152A002A7C20 /* Resources */ = {
			isa = PBXResourcesBuildPhase;
			buildActionMask = 2147483647;
			files = (
				5812696724121534002A7C20 /* LaunchScreen.storyboard in Resources */,
				5812696424121534002A7C20 /* Assets.xcassets in Resources */,
				581269622412152A002A7C20 /* Main.storyboard in Resources */,
			);
			runOnlyForDeploymentPostprocessing = 0;
		};
/* End PBXResourcesBuildPhase section */

/* Begin PBXSourcesBuildPhase section */
		581269532412152A002A7C20 /* Sources */ = {
			isa = PBXSourcesBuildPhase;
			buildActionMask = 2147483647;
			files = (
				F6E3B17C2420FE770007CAC6 /* addTaskViewController.swift in Sources */,
				5812695F2412152A002A7C20 /* ViewController.swift in Sources */,
				5840F3062418BE0100BE4985 /* roundViewScroll.swift in Sources */,
				5812695B2412152A002A7C20 /* AppDelegate.swift in Sources */,
				F68E869E241CF4D50029FA17 /* mvcData.swift in Sources */,
				F6B36F262420EDA400AEE85C /* toDoListViewController.swift in Sources */,
				5840F30C2418F33E00BE4985 /* customTableViewCell.swift in Sources */,
				F6E3B184242247360007CAC6 /* TaskModel.swift in Sources */,
				F6E3B17E24220DBA0007CAC6 /* viewTaskTableViewCell.swift in Sources */,
				5840F3082418E04900BE4985 /* tableViewController.swift in Sources */,
				F68E8698241CF29E0029FA17 /* mvcCollectionViewCell.swift in Sources */,
				F68E869C241CF4230029FA17 /* mvcModel.swift in Sources */,
				F68E86A0241F5F4A0029FA17 /* collectionViewController.swift in Sources */,
				5812697724128D98002A7C20 /* DataViewController.swift in Sources */,
				5812695D2412152A002A7C20 /* SceneDelegate.swift in Sources */,
				F68E869A241CF2EA0029FA17 /* mvcViewController.swift in Sources */,
				F68E86A2241F62220029FA17 /* newCollectionViewCell.swift in Sources */,
			);
			runOnlyForDeploymentPostprocessing = 0;
		};
/* End PBXSourcesBuildPhase section */

/* Begin PBXVariantGroup section */
		581269602412152A002A7C20 /* Main.storyboard */ = {
			isa = PBXVariantGroup;
			children = (
				581269612412152A002A7C20 /* Base */,
			);
			name = Main.storyboard;
			sourceTree = "<group>";
		};
		5812696524121534002A7C20 /* LaunchScreen.storyboard */ = {
			isa = PBXVariantGroup;
			children = (
				5812696624121534002A7C20 /* Base */,
			);
			name = LaunchScreen.storyboard;
			sourceTree = "<group>";
		};
/* End PBXVariantGroup section */

/* Begin XCBuildConfiguration section */
		5812696924121534002A7C20 /* Debug */ = {
			isa = XCBuildConfiguration;
			buildSettings = {
				ALWAYS_SEARCH_USER_PATHS = NO;
				CLANG_ANALYZER_NONNULL = YES;
				CLANG_ANALYZER_NUMBER_OBJECT_CONVERSION = YES_AGGRESSIVE;
				CLANG_CXX_LANGUAGE_STANDARD = "gnu++14";
				CLANG_CXX_LIBRARY = "libc++";
				CLANG_ENABLE_MODULES = YES;
				CLANG_ENABLE_OBJC_ARC = YES;
				CLANG_ENABLE_OBJC_WEAK = YES;
				CLANG_WARN_BLOCK_CAPTURE_AUTORELEASING = YES;
				CLANG_WARN_BOOL_CONVERSION = YES;
				CLANG_WARN_COMMA = YES;
				CLANG_WARN_CONSTANT_CONVERSION = YES;
				CLANG_WARN_DEPRECATED_OBJC_IMPLEMENTATIONS = YES;
				CLANG_WARN_DIRECT_OBJC_ISA_USAGE = YES_ERROR;
				CLANG_WARN_DOCUMENTATION_COMMENTS = YES;
				CLANG_WARN_EMPTY_BODY = YES;
				CLANG_WARN_ENUM_CONVERSION = YES;
				CLANG_WARN_INFINITE_RECURSION = YES;
				CLANG_WARN_INT_CONVERSION = YES;
				CLANG_WARN_NON_LITERAL_NULL_CONVERSION = YES;
				CLANG_WARN_OBJC_IMPLICIT_RETAIN_SELF = YES;
				CLANG_WARN_OBJC_LITERAL_CONVERSION = YES;
				CLANG_WARN_OBJC_ROOT_CLASS = YES_ERROR;
				CLANG_WARN_RANGE_LOOP_ANALYSIS = YES;
				CLANG_WARN_STRICT_PROTOTYPES = YES;
				CLANG_WARN_SUSPICIOUS_MOVE = YES;
				CLANG_WARN_UNGUARDED_AVAILABILITY = YES_AGGRESSIVE;
				CLANG_WARN_UNREACHABLE_CODE = YES;
				CLANG_WARN__DUPLICATE_METHOD_MATCH = YES;
				COPY_PHASE_STRIP = NO;
				DEBUG_INFORMATION_FORMAT = dwarf;
				ENABLE_STRICT_OBJC_MSGSEND = YES;
				ENABLE_TESTABILITY = YES;
				GCC_C_LANGUAGE_STANDARD = gnu11;
				GCC_DYNAMIC_NO_PIC = NO;
				GCC_NO_COMMON_BLOCKS = YES;
				GCC_OPTIMIZATION_LEVEL = 0;
				GCC_PREPROCESSOR_DEFINITIONS = (
					"DEBUG=1",
					"$(inherited)",
				);
				GCC_WARN_64_TO_32_BIT_CONVERSION = YES;
				GCC_WARN_ABOUT_RETURN_TYPE = YES_ERROR;
				GCC_WARN_UNDECLARED_SELECTOR = YES;
				GCC_WARN_UNINITIALIZED_AUTOS = YES_AGGRESSIVE;
				GCC_WARN_UNUSED_FUNCTION = YES;
				GCC_WARN_UNUSED_VARIABLE = YES;
				IPHONEOS_DEPLOYMENT_TARGET = 13.2;
				MTL_ENABLE_DEBUG_INFO = INCLUDE_SOURCE;
				MTL_FAST_MATH = YES;
				ONLY_ACTIVE_ARCH = YES;
				SDKROOT = iphoneos;
				SWIFT_ACTIVE_COMPILATION_CONDITIONS = DEBUG;
				SWIFT_OPTIMIZATION_LEVEL = "-Onone";
			};
			name = Debug;
		};
		5812696A24121534002A7C20 /* Release */ = {
			isa = XCBuildConfiguration;
			buildSettings = {
				ALWAYS_SEARCH_USER_PATHS = NO;
				CLANG_ANALYZER_NONNULL = YES;
				CLANG_ANALYZER_NUMBER_OBJECT_CONVERSION = YES_AGGRESSIVE;
				CLANG_CXX_LANGUAGE_STANDARD = "gnu++14";
				CLANG_CXX_LIBRARY = "libc++";
				CLANG_ENABLE_MODULES = YES;
				CLANG_ENABLE_OBJC_ARC = YES;
				CLANG_ENABLE_OBJC_WEAK = YES;
				CLANG_WARN_BLOCK_CAPTURE_AUTORELEASING = YES;
				CLANG_WARN_BOOL_CONVERSION = YES;
				CLANG_WARN_COMMA = YES;
				CLANG_WARN_CONSTANT_CONVERSION = YES;
				CLANG_WARN_DEPRECATED_OBJC_IMPLEMENTATIONS = YES;
				CLANG_WARN_DIRECT_OBJC_ISA_USAGE = YES_ERROR;
				CLANG_WARN_DOCUMENTATION_COMMENTS = YES;
				CLANG_WARN_EMPTY_BODY = YES;
				CLANG_WARN_ENUM_CONVERSION = YES;
				CLANG_WARN_INFINITE_RECURSION = YES;
				CLANG_WARN_INT_CONVERSION = YES;
				CLANG_WARN_NON_LITERAL_NULL_CONVERSION = YES;
				CLANG_WARN_OBJC_IMPLICIT_RETAIN_SELF = YES;
				CLANG_WARN_OBJC_LITERAL_CONVERSION = YES;
				CLANG_WARN_OBJC_ROOT_CLASS = YES_ERROR;
				CLANG_WARN_RANGE_LOOP_ANALYSIS = YES;
				CLANG_WARN_STRICT_PROTOTYPES = YES;
				CLANG_WARN_SUSPICIOUS_MOVE = YES;
				CLANG_WARN_UNGUARDED_AVAILABILITY = YES_AGGRESSIVE;
				CLANG_WARN_UNREACHABLE_CODE = YES;
				CLANG_WARN__DUPLICATE_METHOD_MATCH = YES;
				COPY_PHASE_STRIP = NO;
				DEBUG_INFORMATION_FORMAT = "dwarf-with-dsym";
				ENABLE_NS_ASSERTIONS = NO;
				ENABLE_STRICT_OBJC_MSGSEND = YES;
				GCC_C_LANGUAGE_STANDARD = gnu11;
				GCC_NO_COMMON_BLOCKS = YES;
				GCC_WARN_64_TO_32_BIT_CONVERSION = YES;
				GCC_WARN_ABOUT_RETURN_TYPE = YES_ERROR;
				GCC_WARN_UNDECLARED_SELECTOR = YES;
				GCC_WARN_UNINITIALIZED_AUTOS = YES_AGGRESSIVE;
				GCC_WARN_UNUSED_FUNCTION = YES;
				GCC_WARN_UNUSED_VARIABLE = YES;
				IPHONEOS_DEPLOYMENT_TARGET = 13.2;
				MTL_ENABLE_DEBUG_INFO = NO;
				MTL_FAST_MATH = YES;
				SDKROOT = iphoneos;
				SWIFT_COMPILATION_MODE = wholemodule;
				SWIFT_OPTIMIZATION_LEVEL = "-O";
				VALIDATE_PRODUCT = YES;
			};
			name = Release;
		};
		5812696C24121534002A7C20 /* Debug */ = {
			isa = XCBuildConfiguration;
			buildSettings = {
				ASSETCATALOG_COMPILER_APPICON_NAME = AppIcon;
				CODE_SIGN_STYLE = Automatic;
				DEVELOPMENT_TEAM = YB2EMMCMM8;
				INFOPLIST_FILE = Begin/Info.plist;
				LD_RUNPATH_SEARCH_PATHS = (
					"$(inherited)",
					"@executable_path/Frameworks",
				);
				PRODUCT_BUNDLE_IDENTIFIER = com.infiny.Begin;
				PRODUCT_NAME = "$(TARGET_NAME)";
				SWIFT_VERSION = 5.0;
				TARGETED_DEVICE_FAMILY = "1,2";
			};
			name = Debug;
		};
		5812696D24121534002A7C20 /* Release */ = {
			isa = XCBuildConfiguration;
			buildSettings = {
				ASSETCATALOG_COMPILER_APPICON_NAME = AppIcon;
				CODE_SIGN_STYLE = Automatic;
				DEVELOPMENT_TEAM = YB2EMMCMM8;
				INFOPLIST_FILE = Begin/Info.plist;
				LD_RUNPATH_SEARCH_PATHS = (
					"$(inherited)",
					"@executable_path/Frameworks",
				);
				PRODUCT_BUNDLE_IDENTIFIER = com.infiny.Begin;
				PRODUCT_NAME = "$(TARGET_NAME)";
				SWIFT_VERSION = 5.0;
				TARGETED_DEVICE_FAMILY = "1,2";
			};
			name = Release;
		};
/* End XCBuildConfiguration section */

/* Begin XCConfigurationList section */
		581269522412152A002A7C20 /* Build configuration list for PBXProject "Begin" */ = {
			isa = XCConfigurationList;
			buildConfigurations = (
				5812696924121534002A7C20 /* Debug */,
				5812696A24121534002A7C20 /* Release */,
			);
			defaultConfigurationIsVisible = 0;
			defaultConfigurationName = Release;
		};
		5812696B24121534002A7C20 /* Build configuration list for PBXNativeTarget "Begin" */ = {
			isa = XCConfigurationList;
			buildConfigurations = (
				5812696C24121534002A7C20 /* Debug */,
				5812696D24121534002A7C20 /* Release */,
			);
			defaultConfigurationIsVisible = 0;
			defaultConfigurationName = Release;
		};
/* End XCConfigurationList section */
	};
	rootObject = 5812694F2412152A002A7C20 /* Project object */;
}
